
Microsoft Visual Studio Solution File, Format Version 12.00
# Visual Studio Version 17
VisualStudioVersion = 17.0.32126.317
MinimumVisualStudioVersion = 10.0.40219.1
Project("{FAE04EC0-301F-11D3-BF4B-00C04F79EFBC}") = "triangulos_classes", "triangulos_classes.csproj", "{2DBDFA1D-884C-4C3D-8AB1-872F59550E92}"
EndProject
Global
	GlobalSection(SolutionConfigurationPlatforms) = preSolution
		Debug|Any CPU = Debug|Any CPU
		Release|Any CPU = Release|Any CPU
	EndGlobalSection
	GlobalSection(ProjectConfigurationPlatforms) = postSolution
		{2DBDFA1D-884C-4C3D-8AB1-872F59550E92}.Debug|Any CPU.ActiveCfg = Debug|Any CPU
		{2DBDFA1D-884C-4C3D-8AB1-872F59550E92}.Debug|Any CPU.Build.0 = Debug|Any CPU
		{2DBDFA1D-884C-4C3D-8AB1-872F59550E92}.Release|Any CPU.ActiveCfg = Release|Any CPU
		{2DBDFA1D-884C-4C3D-8AB1-872F59550E92}.Release|Any CPU.Build.0 = Release|Any CPU
	EndGlobalSection
	GlobalSection(SolutionProperties) = preSolution
		HideSolutionNode = FALSE
	EndGlobalSection
	GlobalSection(ExtensibilityGlobals) = postSolution
		SolutionGuid = {B7300409-9142-4A5C-864F-EFAF69D579A6}
	EndGlobalSection
EndGlobal
